{
  "requires": true,
  "lockfileVersion": 1,
  "dependencies": {
    "d3": {
      "version": "3.5.17",
      "resolved": "https://registry.npmjs.org/d3/-/d3-3.5.17.tgz",
      "integrity": "sha512-yFk/2idb8OHPKkbAL8QaOaqENNoMhIaSHZerk3oQsECwkObkCpJyjYwCe+OHiq6UEdhe1m8ZGARRRO3ljFjlKg=="
    },
    "nvd3": {
      "version": "1.8.6",
      "resolved": "https://registry.npmjs.org/nvd3/-/nvd3-1.8.6.tgz",
      "integrity": "sha1-LT66dL8zNjtRAevx0JPFmlOuc8Q="
    },
    "nvd3-extra": {
      "version": "1.0.0",
      "resolved": "https://registry.npmjs.org/nvd3-extra/-/nvd3-extra-1.0.0.tgz",
      "integrity": "sha512-leDV4lHJXVOZaHOW8L15bnr09z1zb+K2FE2J4SDTSin3iMrKcvklFheZw4j8JWw7l1e7VVCTDGiEVtIJx4k/7w=="
    },
    "ontimize-web-ngx-charts": {
      "version": "8.0.1",
      "resolved": "https://registry.npmjs.org/ontimize-web-ngx-charts/-/ontimize-web-ngx-charts-8.0.1.tgz",
      "integrity": "sha512-4zdbsZM2friK0rYl6Cz+6abUVaBskl+PJ0lzieQRrkbnWNEaYxKpsLCsixHWa9wmxN1h+fctPDLheV1voAujFQ==",
      "requires": {
        "d3": "3.5.17",
        "nvd3": "1.8.6",
        "nvd3-extra": "1.0.0",
        "ontimize-web-ngx-nvd3": "8.0.0",
        "tslib": "^1.9.0"
      }
    },
    "ontimize-web-ngx-nvd3": {
      "version": "8.0.0",
      "resolved": "https://registry.npmjs.org/ontimize-web-ngx-nvd3/-/ontimize-web-ngx-nvd3-8.0.0.tgz",
      "integrity": "sha512-9OTLnlDWYzZymLZCwBvwiB2NNJuJya5dBDFcC05V1sHk7ziGGXUA+0fLNj2YYSbVLpxFfmIQHE+CWDvHO5ogRw==",
      "requires": {
        "tslib": "^1.9.0"
      }
    },
    "tslib": {
      "version": "1.14.1",
      "resolved": "https://registry.npmjs.org/tslib/-/tslib-1.14.1.tgz",
      "integrity": "sha512-Xni35NKzjgMrwevysHTCArtLDpPvye8zV/0E4EyYn43P7/7qvQwPh9BGkHewbMulVntbigmcT7rdX3BNo9wRJg=="
    }
  }
}
